Microsoft Visual Studio Solution File, Format Version 12.00
# Visual Studio Version 17
VisualStudioVersion = 17.14.36221.1
MinimumVisualStudioVersion = 10.0.40219.1
Project("{FAE04EC0-301F-11D3-BF4B-00C04F79EFBC}") = "AppHost", "AppHost\AppHost.csproj", "{CD8A55DF-31A8-470D-A9C1-90C21CDE21DF}"
EndProject
Project("{FAE04EC0-301F-11D3-BF4B-00C04F79EFBC}") = "Infrastructure", "Infrastructure\Infrastructure.csproj", "{8114B590-1DFC-A8E8-54F3-BF3E89C26A5A}"
EndProject
Project("{FAE04EC0-301F-11D3-BF4B-00C04F79EFBC}") = "ApiGateway.Host", "ApiGateway.Host\ApiGateway.Host.csproj", "{9F932D31-326C-D5C0-9C12-C4C374FBAE01}"
EndProject
Project("{FAE04EC0-301F-11D3-BF4B-00C04F79EFBC}") = "Tests", "Tests\Tests.csproj", "{88387855-CB74-9F18-75BB-06A585AFE2D1}"
EndProject
Project("{FAE04EC0-301F-11D3-BF4B-00C04F79EFBC}") = "ConversationAdapter.Host", "ConversationAdapter.Host\ConversationAdapter.Host.csproj", "{4884A585-5F77-158B-A11D-DB65359BA8D8}"
EndProject
Project("{FAE04EC0-301F-11D3-BF4B-00C04F79EFBC}") = "OrderProcessor.Host", "OrderProcessor.Host\OrderProcessor.Host.csproj", "{156C3674-DF97-A670-0012-83BF1B6F3600}"
EndProject
Project("{FAE04EC0-301F-11D3-BF4B-00C04F79EFBC}") = "UserProcessor.Host", "UserProcessor.Host\UserProcessor.Host.csproj", "{900B50B1-1E14-833E-B607-32BCBD16ACE2}"
EndProject
Project("{FAE04EC0-301F-11D3-BF4B-00C04F79EFBC}") = "DocumentProcessor.Host", "DocumentProcessor.Host\DocumentProcessor.Host.csproj", "{F4E344C0-FAA1-9A57-BE94-751FBD172B39}"
EndProject
Project("{FAE04EC0-301F-11D3-BF4B-00C04F79EFBC}") = "PolicyProcessor.Host", "PolicyProcessor.Host\PolicyProcessor.Host.csproj", "{0BC5AC7B-0588-87B2-8134-6491B7ED075C}"
EndProject
Project("{FAE04EC0-301F-11D3-BF4B-00C04F79EFBC}") = "BillingProcessor.Host", "BillingProcessor.Host\BillingProcessor.Host.csproj", "{612A7C75-51CE-87AE-B2C4-DEE4105A4124}"
EndProject
Project("{FAE04EC0-301F-11D3-BF4B-00C04F79EFBC}") = "Auditor.Host", "Auditor.Host\Auditor.Host.csproj", "{30FA4C2D-DCD0-4452-F455-F4A2958F0756}"
EndProject
Project("{FAE04EC0-301F-11D3-BF4B-00C04F79EFBC}") = "SharedKernel", "SharedKernel\SharedKernel.csproj", "{734F3346-97A9-41A9-8F93-A0BFBE58BDEC}"
EndProject
Project("{2150E333-8FDC-42A3-9474-1A3956D46DE8}") = "Solution Items", "Solution Items", "{02EA681E-C7D8-13C7-8484-4AC65E1B71E8}"
	ProjectSection(SolutionItems) = preProject
		.editorconfig = .editorconfig
	EndProjectSection
EndProject
Project("{FAE04EC0-301F-11D3-BF4B-00C04F79EFBC}") = "UserProcessor.Domain", "UserProcessor.Domain\UserProcessor.Domain.csproj", "{DA608F10-49B0-4EFE-8FE6-3E3A112DD92B}"
EndProject
Project("{FAE04EC0-301F-11D3-BF4B-00C04F79EFBC}") = "PolicyProcessor.Domain", "PolicyProcessor.Domain\PolicyProcessor.Domain.csproj", "{A26AD2C2-45B1-4994-873A-3F0F65CCCDCD}"
EndProject
Project("{FAE04EC0-301F-11D3-BF4B-00C04F79EFBC}") = "OrderProcessor.Domain", "OrderProcessor.Domain\OrderProcessor.Domain.csproj", "{8CB21285-1B85-4081-B93B-056B448142FA}"
EndProject
Project("{FAE04EC0-301F-11D3-BF4B-00C04F79EFBC}") = "BillingProcessor.Api", "BillingProcessor.Api\BillingProcessor.Api.csproj", "{92267717-967D-45D8-8A4A-E51616AD2ED9}"
EndProject
Project("{FAE04EC0-301F-11D3-BF4B-00C04F79EFBC}") = "DocumentProcessor.Api", "DocumentProcessor.Api\DocumentProcessor.Api.csproj", "{92B099B0-7AD1-4CCE-981E-83305CCA8702}"
EndProject
Project("{FAE04EC0-301F-11D3-BF4B-00C04F79EFBC}") = "OrderProcessor.Api", "OrderProcessor.Api\OrderProcessor.Api.csproj", "{158B7C6C-CD40-4EB4-BBA9-42B8A6933DC0}"
EndProject
Project("{FAE04EC0-301F-11D3-BF4B-00C04F79EFBC}") = "PolicyProcessor.Api", "PolicyProcessor.Api\PolicyProcessor.Api.csproj", "{D21E3330-47EF-4497-B3A7-630F02C0022F}"
EndProject
Project("{FAE04EC0-301F-11D3-BF4B-00C04F79EFBC}") = "UserProcessor.Api", "UserProcessor.Api\UserProcessor.Api.csproj", "{5981AEE6-9245-47A2-B126-02DC479DB08F}"
EndProject
Project("{FAE04EC0-301F-11D3-BF4B-00C04F79EFBC}") = "Auditor.Api", "Auditor.Api\Auditor.Api.csproj", "{22A9186D-9766-4354-9F17-6490106128A3}"
EndProject
Project("{FAE04EC0-301F-11D3-BF4B-00C04F79EFBC}") = "ApiGateway.Api", "ApiGateway.Api\ApiGateway.Api.csproj", "{C5BD4D51-230A-4487-8AD2-50C28FC5D7BA}"
EndProject
Project("{FAE04EC0-301F-11D3-BF4B-00C04F79EFBC}") = "ConversationAdapter.Api", "ConversationAdapter.Api\ConversationAdapter.Api.csproj", "{D62B8AA1-1DA1-4FBC-AF45-3A4241FAFB55}"
EndProject
Project("{FAE04EC0-301F-11D3-BF4B-00C04F79EFBC}") = "UserProcessor.Application", "UserProcessor.Application\UserProcessor.Application.csproj", "{A29B2BD3-0FAC-4CEB-9469-55C4981CD2FE}"
EndProject
Project("{FAE04EC0-301F-11D3-BF4B-00C04F79EFBC}") = "UserProcessor.Infrastructure", "UserProcessor.Infrastructure\UserProcessor.Infrastructure.csproj", "{195A7434-2638-480A-8D66-3888C159214C}"
EndProject
Project("{FAE04EC0-301F-11D3-BF4B-00C04F79EFBC}") = "UserProcessor.Repository", "UserProcessor.Repository\UserProcessor.Repository.csproj", "{005AA865-0387-40B3-B489-7B3CA4EF266B}"
EndProject
Project("{2150E333-8FDC-42A3-9474-1A3956D46DE8}") = "UserProcessor", "UserProcessor", "{5DC248D3-E72F-4A82-A9F8-66A11512CB7C}"
EndProject
Project("{2150E333-8FDC-42A3-9474-1A3956D46DE8}") = "ApiGateway", "ApiGateway", "{E17A55A4-4322-44DE-993C-597123964934}"
EndProject
Project("{2150E333-8FDC-42A3-9474-1A3956D46DE8}") = "Auditor", "Auditor", "{4A7169FB-67D0-410D-87DB-9094FCE3B11B}"
EndProject
Project("{2150E333-8FDC-42A3-9474-1A3956D46DE8}") = "BillingProcessor", "BillingProcessor", "{3DF6BDA5-2A38-4139-B520-ED04667E03C5}"
EndProject
Project("{2150E333-8FDC-42A3-9474-1A3956D46DE8}") = "ConversationAdapter", "ConversationAdapter", "{6D2DA2D2-8762-421A-800A-467AF6D57AAC}"
EndProject
Project("{2150E333-8FDC-42A3-9474-1A3956D46DE8}") = "DocumentProcessor", "DocumentProcessor", "{06F16D72-71DE-45F9-9C9E-45933592E815}"
EndProject
Project("{2150E333-8FDC-42A3-9474-1A3956D46DE8}") = "OrderProcessor", "OrderProcessor", "{0E29A86E-D5BB-4FC2-A115-8B063E7CD104}"
EndProject
Project("{2150E333-8FDC-42A3-9474-1A3956D46DE8}") = "PolicyProcessor", "PolicyProcessor", "{6FD99A1B-7BBC-44E2-B3C1-B964A17FA7D5}"
EndProject
Global
	GlobalSection(SolutionConfigurationPlatforms) = preSolution
		Debug|Any CPU = Debug|Any CPU
		Release|Any CPU = Release|Any CPU
	EndGlobalSection
	GlobalSection(ProjectConfigurationPlatforms) = postSolution
		{CD8A55DF-31A8-470D-A9C1-90C21CDE21DF}.Debug|Any CPU.ActiveCfg = Debug|Any CPU
		{CD8A55DF-31A8-470D-A9C1-90C21CDE21DF}.Debug|Any CPU.Build.0 = Debug|Any CPU
		{CD8A55DF-31A8-470D-A9C1-90C21CDE21DF}.Release|Any CPU.ActiveCfg = Release|Any CPU
		{CD8A55DF-31A8-470D-A9C1-90C21CDE21DF}.Release|Any CPU.Build.0 = Release|Any CPU
		{8114B590-1DFC-A8E8-54F3-BF3E89C26A5A}.Debug|Any CPU.ActiveCfg = Debug|Any CPU
		{8114B590-1DFC-A8E8-54F3-BF3E89C26A5A}.Debug|Any CPU.Build.0 = Debug|Any CPU
		{8114B590-1DFC-A8E8-54F3-BF3E89C26A5A}.Release|Any CPU.ActiveCfg = Release|Any CPU
		{8114B590-1DFC-A8E8-54F3-BF3E89C26A5A}.Release|Any CPU.Build.0 = Release|Any CPU
		{9F932D31-326C-D5C0-9C12-C4C374FBAE01}.Debug|Any CPU.ActiveCfg = Debug|Any CPU
		{9F932D31-326C-D5C0-9C12-C4C374FBAE01}.Debug|Any CPU.Build.0 = Debug|Any CPU
		{9F932D31-326C-D5C0-9C12-C4C374FBAE01}.Release|Any CPU.ActiveCfg = Release|Any CPU
		{9F932D31-326C-D5C0-9C12-C4C374FBAE01}.Release|Any CPU.Build.0 = Release|Any CPU
		{88387855-CB74-9F18-75BB-06A585AFE2D1}.Debug|Any CPU.ActiveCfg = Debug|Any CPU
		{88387855-CB74-9F18-75BB-06A585AFE2D1}.Debug|Any CPU.Build.0 = Debug|Any CPU
		{88387855-CB74-9F18-75BB-06A585AFE2D1}.Release|Any CPU.ActiveCfg = Release|Any CPU
		{88387855-CB74-9F18-75BB-06A585AFE2D1}.Release|Any CPU.Build.0 = Release|Any CPU
		{4884A585-5F77-158B-A11D-DB65359BA8D8}.Debug|Any CPU.ActiveCfg = Debug|Any CPU
		{4884A585-5F77-158B-A11D-DB65359BA8D8}.Debug|Any CPU.Build.0 = Debug|Any CPU
		{4884A585-5F77-158B-A11D-DB65359BA8D8}.Release|Any CPU.ActiveCfg = Release|Any CPU
		{4884A585-5F77-158B-A11D-DB65359BA8D8}.Release|Any CPU.Build.0 = Release|Any CPU
		{156C3674-DF97-A670-0012-83BF1B6F3600}.Debug|Any CPU.ActiveCfg = Debug|Any CPU
		{156C3674-DF97-A670-0012-83BF1B6F3600}.Debug|Any CPU.Build.0 = Debug|Any CPU
		{156C3674-DF97-A670-0012-83BF1B6F3600}.Release|Any CPU.ActiveCfg = Release|Any CPU
		{156C3674-DF97-A670-0012-83BF1B6F3600}.Release|Any CPU.Build.0 = Release|Any CPU
		{900B50B1-1E14-833E-B607-32BCBD16ACE2}.Debug|Any CPU.ActiveCfg = Debug|Any CPU
		{900B50B1-1E14-833E-B607-32BCBD16ACE2}.Debug|Any CPU.Build.0 = Debug|Any CPU
		{900B50B1-1E14-833E-B607-32BCBD16ACE2}.Release|Any CPU.ActiveCfg = Release|Any CPU
		{900B50B1-1E14-833E-B607-32BCBD16ACE2}.Release|Any CPU.Build.0 = Release|Any CPU
		{F4E344C0-FAA1-9A57-BE94-751FBD172B39}.Debug|Any CPU.ActiveCfg = Debug|Any CPU
		{F4E344C0-FAA1-9A57-BE94-751FBD172B39}.Debug|Any CPU.Build.0 = Debug|Any CPU
		{F4E344C0-FAA1-9A57-BE94-751FBD172B39}.Release|Any CPU.ActiveCfg = Release|Any CPU
		{F4E344C0-FAA1-9A57-BE94-751FBD172B39}.Release|Any CPU.Build.0 = Release|Any CPU
		{0BC5AC7B-0588-87B2-8134-6491B7ED075C}.Debug|Any CPU.ActiveCfg = Debug|Any CPU
		{0BC5AC7B-0588-87B2-8134-6491B7ED075C}.Debug|Any CPU.Build.0 = Debug|Any CPU
		{0BC5AC7B-0588-87B2-8134-6491B7ED075C}.Release|Any CPU.ActiveCfg = Release|Any CPU
		{0BC5AC7B-0588-87B2-8134-6491B7ED075C}.Release|Any CPU.Build.0 = Release|Any CPU
		{612A7C75-51CE-87AE-B2C4-DEE4105A4124}.Debug|Any CPU.ActiveCfg = Debug|Any CPU
		{612A7C75-51CE-87AE-B2C4-DEE4105A4124}.Debug|Any CPU.Build.0 = Debug|Any CPU
		{612A7C75-51CE-87AE-B2C4-DEE4105A4124}.Release|Any CPU.ActiveCfg = Release|Any CPU
		{612A7C75-51CE-87AE-B2C4-DEE4105A4124}.Release|Any CPU.Build.0 = Release|Any CPU
		{30FA4C2D-DCD0-4452-F455-F4A2958F0756}.Debug|Any CPU.ActiveCfg = Debug|Any CPU
		{30FA4C2D-DCD0-4452-F455-F4A2958F0756}.Debug|Any CPU.Build.0 = Debug|Any CPU
		{30FA4C2D-DCD0-4452-F455-F4A2958F0756}.Release|Any CPU.ActiveCfg = Release|Any CPU
		{30FA4C2D-DCD0-4452-F455-F4A2958F0756}.Release|Any CPU.Build.0 = Release|Any CPU
		{734F3346-97A9-41A9-8F93-A0BFBE58BDEC}.Debug|Any CPU.ActiveCfg = Debug|Any CPU
		{734F3346-97A9-41A9-8F93-A0BFBE58BDEC}.Debug|Any CPU.Build.0 = Debug|Any CPU
		{734F3346-97A9-41A9-8F93-A0BFBE58BDEC}.Release|Any CPU.ActiveCfg = Release|Any CPU
		{734F3346-97A9-41A9-8F93-A0BFBE58BDEC}.Release|Any CPU.Build.0 = Release|Any CPU
		{DA608F10-49B0-4EFE-8FE6-3E3A112DD92B}.Debug|Any CPU.ActiveCfg = Debug|Any CPU
		{DA608F10-49B0-4EFE-8FE6-3E3A112DD92B}.Debug|Any CPU.Build.0 = Debug|Any CPU
		{DA608F10-49B0-4EFE-8FE6-3E3A112DD92B}.Release|Any CPU.ActiveCfg = Release|Any CPU
		{DA608F10-49B0-4EFE-8FE6-3E3A112DD92B}.Release|Any CPU.Build.0 = Release|Any CPU
		{A26AD2C2-45B1-4994-873A-3F0F65CCCDCD}.Debug|Any CPU.ActiveCfg = Debug|Any CPU
		{A26AD2C2-45B1-4994-873A-3F0F65CCCDCD}.Debug|Any CPU.Build.0 = Debug|Any CPU
		{A26AD2C2-45B1-4994-873A-3F0F65CCCDCD}.Release|Any CPU.ActiveCfg = Release|Any CPU
		{A26AD2C2-45B1-4994-873A-3F0F65CCCDCD}.Release|Any CPU.Build.0 = Release|Any CPU
		{8CB21285-1B85-4081-B93B-056B448142FA}.Debug|Any CPU.ActiveCfg = Debug|Any CPU
		{8CB21285-1B85-4081-B93B-056B448142FA}.Debug|Any CPU.Build.0 = Debug|Any CPU
		{8CB21285-1B85-4081-B93B-056B448142FA}.Release|Any CPU.ActiveCfg = Release|Any CPU
		{8CB21285-1B85-4081-B93B-056B448142FA}.Release|Any CPU.Build.0 = Release|Any CPU
		{92267717-967D-45D8-8A4A-E51616AD2ED9}.Debug|Any CPU.ActiveCfg = Debug|Any CPU
		{92267717-967D-45D8-8A4A-E51616AD2ED9}.Debug|Any CPU.Build.0 = Debug|Any CPU
		{92267717-967D-45D8-8A4A-E51616AD2ED9}.Release|Any CPU.ActiveCfg = Release|Any CPU
		{92267717-967D-45D8-8A4A-E51616AD2ED9}.Release|Any CPU.Build.0 = Release|Any CPU
		{92B099B0-7AD1-4CCE-981E-83305CCA8702}.Debug|Any CPU.ActiveCfg = Debug|Any CPU
		{92B099B0-7AD1-4CCE-981E-83305CCA8702}.Debug|Any CPU.Build.0 = Debug|Any CPU
		{92B099B0-7AD1-4CCE-981E-83305CCA8702}.Release|Any CPU.ActiveCfg = Release|Any CPU
		{92B099B0-7AD1-4CCE-981E-83305CCA8702}.Release|Any CPU.Build.0 = Release|Any CPU
		{158B7C6C-CD40-4EB4-BBA9-42B8A6933DC0}.Debug|Any CPU.ActiveCfg = Debug|Any CPU
		{158B7C6C-CD40-4EB4-BBA9-42B8A6933DC0}.Debug|Any CPU.Build.0 = Debug|Any CPU
		{158B7C6C-CD40-4EB4-BBA9-42B8A6933DC0}.Release|Any CPU.ActiveCfg = Release|Any CPU
		{158B7C6C-CD40-4EB4-BBA9-42B8A6933DC0}.Release|Any CPU.Build.0 = Release|Any CPU
		{D21E3330-47EF-4497-B3A7-630F02C0022F}.Debug|Any CPU.ActiveCfg = Debug|Any CPU
		{D21E3330-47EF-4497-B3A7-630F02C0022F}.Debug|Any CPU.Build.0 = Debug|Any CPU
		{D21E3330-47EF-4497-B3A7-630F02C0022F}.Release|Any CPU.ActiveCfg = Release|Any CPU
		{D21E3330-47EF-4497-B3A7-630F02C0022F}.Release|Any CPU.Build.0 = Release|Any CPU
		{5981AEE6-9245-47A2-B126-02DC479DB08F}.Debug|Any CPU.ActiveCfg = Debug|Any CPU
		{5981AEE6-9245-47A2-B126-02DC479DB08F}.Debug|Any CPU.Build.0 = Debug|Any CPU
		{5981AEE6-9245-47A2-B126-02DC479DB08F}.Release|Any CPU.ActiveCfg = Release|Any CPU
		{5981AEE6-9245-47A2-B126-02DC479DB08F}.Release|Any CPU.Build.0 = Release|Any CPU
		{22A9186D-9766-4354-9F17-6490106128A3}.Debug|Any CPU.ActiveCfg = Debug|Any CPU
		{22A9186D-9766-4354-9F17-6490106128A3}.Debug|Any CPU.Build.0 = Debug|Any CPU
		{22A9186D-9766-4354-9F17-6490106128A3}.Release|Any CPU.ActiveCfg = Release|Any CPU
		{22A9186D-9766-4354-9F17-6490106128A3}.Release|Any CPU.Build.0 = Release|Any CPU
		{C5BD4D51-230A-4487-8AD2-50C28FC5D7BA}.Debug|Any CPU.ActiveCfg = Debug|Any CPU
		{C5BD4D51-230A-4487-8AD2-50C28FC5D7BA}.Debug|Any CPU.Build.0 = Debug|Any CPU
		{C5BD4D51-230A-4487-8AD2-50C28FC5D7BA}.Release|Any CPU.ActiveCfg = Release|Any CPU
		{C5BD4D51-230A-4487-8AD2-50C28FC5D7BA}.Release|Any CPU.Build.0 = Release|Any CPU
		{D62B8AA1-1DA1-4FBC-AF45-3A4241FAFB55}.Debug|Any CPU.ActiveCfg = Debug|Any CPU
		{D62B8AA1-1DA1-4FBC-AF45-3A4241FAFB55}.Debug|Any CPU.Build.0 = Debug|Any CPU
		{D62B8AA1-1DA1-4FBC-AF45-3A4241FAFB55}.Release|Any CPU.ActiveCfg = Release|Any CPU
		{D62B8AA1-1DA1-4FBC-AF45-3A4241FAFB55}.Release|Any CPU.Build.0 = Release|Any CPU
		{A29B2BD3-0FAC-4CEB-9469-55C4981CD2FE}.Debug|Any CPU.ActiveCfg = Debug|Any CPU
		{A29B2BD3-0FAC-4CEB-9469-55C4981CD2FE}.Debug|Any CPU.Build.0 = Debug|Any CPU
		{A29B2BD3-0FAC-4CEB-9469-55C4981CD2FE}.Release|Any CPU.ActiveCfg = Release|Any CPU
		{A29B2BD3-0FAC-4CEB-9469-55C4981CD2FE}.Release|Any CPU.Build.0 = Release|Any CPU
		{195A7434-2638-480A-8D66-3888C159214C}.Debug|Any CPU.ActiveCfg = Debug|Any CPU
		{195A7434-2638-480A-8D66-3888C159214C}.Debug|Any CPU.Build.0 = Debug|Any CPU
		{195A7434-2638-480A-8D66-3888C159214C}.Release|Any CPU.ActiveCfg = Release|Any CPU
		{195A7434-2638-480A-8D66-3888C159214C}.Release|Any CPU.Build.0 = Release|Any CPU
		{005AA865-0387-40B3-B489-7B3CA4EF266B}.Debug|Any CPU.ActiveCfg = Debug|Any CPU
		{005AA865-0387-40B3-B489-7B3CA4EF266B}.Debug|Any CPU.Build.0 = Debug|Any CPU
		{005AA865-0387-40B3-B489-7B3CA4EF266B}.Release|Any CPU.ActiveCfg = Release|Any CPU
		{005AA865-0387-40B3-B489-7B3CA4EF266B}.Release|Any CPU.Build.0 = Release|Any CPU
	EndGlobalSection
	GlobalSection(SolutionProperties) = preSolution
		HideSolutionNode = FALSE
	EndGlobalSection
	GlobalSection(NestedProjects) = preSolution
		{9F932D31-326C-D5C0-9C12-C4C374FBAE01} = {E17A55A4-4322-44DE-993C-597123964934}
		{4884A585-5F77-158B-A11D-DB65359BA8D8} = {6D2DA2D2-8762-421A-800A-467AF6D57AAC}
		{156C3674-DF97-A670-0012-83BF1B6F3600} = {0E29A86E-D5BB-4FC2-A115-8B063E7CD104}
		{900B50B1-1E14-833E-B607-32BCBD16ACE2} = {5DC248D3-E72F-4A82-A9F8-66A11512CB7C}
		{F4E344C0-FAA1-9A57-BE94-751FBD172B39} = {06F16D72-71DE-45F9-9C9E-45933592E815}
		{0BC5AC7B-0588-87B2-8134-6491B7ED075C} = {6FD99A1B-7BBC-44E2-B3C1-B964A17FA7D5}
		{612A7C75-51CE-87AE-B2C4-DEE4105A4124} = {3DF6BDA5-2A38-4139-B520-ED04667E03C5}
		{30FA4C2D-DCD0-4452-F455-F4A2958F0756} = {4A7169FB-67D0-410D-87DB-9094FCE3B11B}
		{DA608F10-49B0-4EFE-8FE6-3E3A112DD92B} = {5DC248D3-E72F-4A82-A9F8-66A11512CB7C}
		{A26AD2C2-45B1-4994-873A-3F0F65CCCDCD} = {6FD99A1B-7BBC-44E2-B3C1-B964A17FA7D5}
		{8CB21285-1B85-4081-B93B-056B448142FA} = {0E29A86E-D5BB-4FC2-A115-8B063E7CD104}
		{92267717-967D-45D8-8A4A-E51616AD2ED9} = {3DF6BDA5-2A38-4139-B520-ED04667E03C5}
		{92B099B0-7AD1-4CCE-981E-83305CCA8702} = {06F16D72-71DE-45F9-9C9E-45933592E815}
		{158B7C6C-CD40-4EB4-BBA9-42B8A6933DC0} = {0E29A86E-D5BB-4FC2-A115-8B063E7CD104}
		{D21E3330-47EF-4497-B3A7-630F02C0022F} = {6FD99A1B-7BBC-44E2-B3C1-B964A17FA7D5}
		{5981AEE6-9245-47A2-B126-02DC479DB08F} = {5DC248D3-E72F-4A82-A9F8-66A11512CB7C}
		{22A9186D-9766-4354-9F17-6490106128A3} = {4A7169FB-67D0-410D-87DB-9094FCE3B11B}
		{C5BD4D51-230A-4487-8AD2-50C28FC5D7BA} = {E17A55A4-4322-44DE-993C-597123964934}
		{D62B8AA1-1DA1-4FBC-AF45-3A4241FAFB55} = {6D2DA2D2-8762-421A-800A-467AF6D57AAC}
		{A29B2BD3-0FAC-4CEB-9469-55C4981CD2FE} = {5DC248D3-E72F-4A82-A9F8-66A11512CB7C}
		{195A7434-2638-480A-8D66-3888C159214C} = {5DC248D3-E72F-4A82-A9F8-66A11512CB7C}
		{005AA865-0387-40B3-B489-7B3CA4EF266B} = {5DC248D3-E72F-4A82-A9F8-66A11512CB7C}
	EndGlobalSection
	GlobalSection(ExtensibilityGlobals) = postSolution
		SolutionGuid = {8DCB2090-C069-477B-8D17-6FD8DD63678E}
	EndGlobalSection
EndGlobal
